# THIS IS AN AUTOGENERATED FILE. DO NOT EDIT THIS FILE DIRECTLY.
# yarn lockfile v1


Base64@^1.0.1:
  version "1.0.1"
  resolved "https://registry.yarnpkg.com/Base64/-/Base64-1.0.1.tgz#def45cc50c961bcc9bf2321d0f52bcbfec1f1bb1"

bson@^2.0.5:
  version "2.0.5"
  resolved "https://registry.yarnpkg.com/bson/-/bson-2.0.5.tgz#d101ec8b0575fbe4ecb862d9cb51551f22083d49"

detect-browser@^1.7.0:
  version "1.12.0"
  resolved "https://registry.yarnpkg.com/detect-browser/-/detect-browser-1.12.0.tgz#71b57d7809fc6e42050b28f89529123c1b3290f9"

encoding@^0.1.11:
  version "0.1.12"
  resolved "https://registry.yarnpkg.com/encoding/-/encoding-0.1.12.tgz#538b66f3ee62cd1ab51ec323829d1f9480c74beb"
  dependencies:
    iconv-lite "~0.4.13"

fetch-everywhere@^1.0.5:
  version "1.0.5"
  resolved "https://registry.yarnpkg.com/fetch-everywhere/-/fetch-everywhere-1.0.5.tgz#b2497f47a57d9026b3907c09756acf5f4bd34e8b"
  dependencies:
    node-fetch "^1.0.1"
    whatwg-fetch ">=0.10.0"

iconv-lite@~0.4.13:
  version "0.4.21"
  resolved "https://registry.yarnpkg.com/iconv-lite/-/iconv-lite-0.4.21.tgz#c47f8733d02171189ebc4a400f3218d348094798"
  dependencies:
    safer-buffer "^2.1.0"

is-stream@^1.0.1:
  version "1.1.0"
  resolved "https://registry.yarnpkg.com/is-stream/-/is-stream-1.1.0.tgz#12d4a3dd4e68e0b79ceb8dbc84173ae80d91ca44"

jwt-decode@^2.2.0:
  version "2.2.0"
  resolved "https://registry.yarnpkg.com/jwt-decode/-/jwt-decode-2.2.0.tgz#7d86bd56679f58ce6a84704a657dd392bba81a79"

mongodb-extjson@^2.1.0:
  version "2.1.2"
  resolved "https://registry.yarnpkg.com/mongodb-extjson/-/mongodb-extjson-2.1.2.tgz#60b578252b6f65a218d4fe779bd112b5eb1024f0"
  dependencies:
    bson "^2.0.5"

mongodb-stitch@^3.0.7:
  version "3.0.7"
  resolved "https://registry.yarnpkg.com/mongodb-stitch/-/mongodb-stitch-3.0.7.tgz#d3a54c7c14c79c793c0f6f48f50e79305ec75733"
  dependencies:
    Base64 "^1.0.1"
    detect-browser "^1.7.0"
    fetch-everywhere "^1.0.5"
    jwt-decode "^2.2.0"
    mongodb-extjson "^2.1.0"
    query-string "^4.3.4"

node-fetch@^1.0.1:
  version "1.7.3"
  resolved "https://registry.yarnpkg.com/node-fetch/-/node-fetch-1.7.3.tgz#980f6f72d85211a5347c6b2bc18c5b84c3eb47ef"
  dependencies:
    encoding "^0.1.11"
    is-stream "^1.0.1"

object-assign@^4.1.0:
  version "4.1.1"
  resolved "https://registry.yarnpkg.com/object-assign/-/object-assign-4.1.1.tgz#2109adc7965887cfc05cbbd442cac8bfbb360863"

query-string@^4.3.4:
  version "4.3.4"
  resolved "https://registry.yarnpkg.com/query-string/-/query-string-4.3.4.tgz#bbb693b9ca915c232515b228b1a02b609043dbeb"
  dependencies:
    object-assign "^4.1.0"
    strict-uri-encode "^1.0.0"

safer-buffer@^2.1.0:
  version "2.1.2"
  resolved "https://registry.yarnpkg.com/safer-buffer/-/safer-buffer-2.1.2.tgz#44fa161b0187b9549dd84bb91802f9bd8385cd6a"

strict-uri-encode@^1.0.0:
  version "1.1.0"
  resolved "https://registry.yarnpkg.com/strict-uri-encode/-/strict-uri-encode-1.1.0.tgz#279b225df1d582b1f54e65addd4352e18faa0713"

whatwg-fetch@>=0.10.0:
  version "2.0.4"
  resolved "https://registry.yarnpkg.com/whatwg-fetch/-/whatwg-fetch-2.0.4.tgz#dde6a5df315f9d39991aa17621853d720b85566f"
